
Microsoft Visual Studio Solution File, Format Version 12.00
# Visual Studio Version 17
VisualStudioVersion = 17.2.32616.157
MinimumVisualStudioVersion = 10.0.40219.1
Project("{FAE04EC0-301F-11D3-BF4B-00C04F79EFBC}") = "AppGuiaCurso.Android", "AppGuiaCurso\AppGuiaCurso.Android\AppGuiaCurso.Android.csproj", "{21FBDA39-C5EC-44ED-8E7E-BF949F21D0C3}"
EndProject
Project("{FAE04EC0-301F-11D3-BF4B-00C04F79EFBC}") = "AppGuiaCurso", "AppGuiaCurso\AppGuiaCurso\AppGuiaCurso.csproj", "{3DF74F0B-4C79-491E-A4DA-53A4EF9619B3}"
EndProject
Global
	GlobalSection(SolutionConfigurationPlatforms) = preSolution
		Debug|Any CPU = Debug|Any CPU
		Release|Any CPU = Release|Any CPU
	EndGlobalSection
	GlobalSection(ProjectConfigurationPlatforms) = postSolution
		{21FBDA39-C5EC-44ED-8E7E-BF949F21D0C3}.Debug|Any CPU.ActiveCfg = Debug|Any CPU
		{21FBDA39-C5EC-44ED-8E7E-BF949F21D0C3}.Debug|Any CPU.Build.0 = Debug|Any CPU
		{21FBDA39-C5EC-44ED-8E7E-BF949F21D0C3}.Debug|Any CPU.Deploy.0 = Debug|Any CPU
		{21FBDA39-C5EC-44ED-8E7E-BF949F21D0C3}.Release|Any CPU.ActiveCfg = Release|Any CPU
		{21FBDA39-C5EC-44ED-8E7E-BF949F21D0C3}.Release|Any CPU.Build.0 = Release|Any CPU
		{21FBDA39-C5EC-44ED-8E7E-BF949F21D0C3}.Release|Any CPU.Deploy.0 = Release|Any CPU
		{3DF74F0B-4C79-491E-A4DA-53A4EF9619B3}.Debug|Any CPU.ActiveCfg = Debug|Any CPU
		{3DF74F0B-4C79-491E-A4DA-53A4EF9619B3}.Debug|Any CPU.Build.0 = Debug|Any CPU
		{3DF74F0B-4C79-491E-A4DA-53A4EF9619B3}.Debug|Any CPU.Deploy.0 = Debug|Any CPU
		{3DF74F0B-4C79-491E-A4DA-53A4EF9619B3}.Release|Any CPU.ActiveCfg = Release|Any CPU
		{3DF74F0B-4C79-491E-A4DA-53A4EF9619B3}.Release|Any CPU.Build.0 = Release|Any CPU
		{3DF74F0B-4C79-491E-A4DA-53A4EF9619B3}.Release|Any CPU.Deploy.0 = Release|Any CPU
	EndGlobalSection
	GlobalSection(SolutionProperties) = preSolution
		HideSolutionNode = FALSE
	EndGlobalSection
	GlobalSection(ExtensibilityGlobals) = postSolution
		SolutionGuid = {01F2A2C6-B32F-442B-BC30-5A4CD698324E}
	EndGlobalSection
EndGlobal
